
Microsoft Visual Studio Solution File, Format Version 12.00
# Visual Studio 15
VisualStudioVersion = 15.0.26730.16
MinimumVisualStudioVersion = 10.0.40219.1
Project("{FAE04EC0-301F-11D3-BF4B-00C04F79EFBC}") = "Loops", "Loops\Loops.csproj", "{D06E237A-A1DA-40F5-99CA-9A1E54F6D42E}"
EndProject
Project("{FAE04EC0-301F-11D3-BF4B-00C04F79EFBC}") = "Task 1_Loops", "Task 1_Loops\Task 1_Loops.csproj", "{39847B8F-F651-449E-B837-566508AB2732}"
EndProject
Project("{FAE04EC0-301F-11D3-BF4B-00C04F79EFBC}") = "Task2_Loops", "Task2_Loops\Task2_Loops.csproj", "{E9033C05-B8D6-4805-8DD9-21A398E3189A}"
EndProject
Project("{FAE04EC0-301F-11D3-BF4B-00C04F79EFBC}") = "Task4_Loops", "Task4_Loops\Task4_Loops.csproj", "{B6A6C1EB-C768-499D-9AD8-16CB25181E97}"
EndProject
Project("{FAE04EC0-301F-11D3-BF4B-00C04F79EFBC}") = "Task5_Loops", "Task5_Loops\Task5_Loops.csproj", "{1F4B04A0-B745-4EBF-AE79-0127287B4032}"
EndProject
Global
	GlobalSection(SolutionConfigurationPlatforms) = preSolution
		Debug|Any CPU = Debug|Any CPU
		Release|Any CPU = Release|Any CPU
	EndGlobalSection
	GlobalSection(ProjectConfigurationPlatforms) = postSolution
		{D06E237A-A1DA-40F5-99CA-9A1E54F6D42E}.Debug|Any CPU.ActiveCfg = Debug|Any CPU
		{D06E237A-A1DA-40F5-99CA-9A1E54F6D42E}.Debug|Any CPU.Build.0 = Debug|Any CPU
		{D06E237A-A1DA-40F5-99CA-9A1E54F6D42E}.Release|Any CPU.ActiveCfg = Release|Any CPU
		{D06E237A-A1DA-40F5-99CA-9A1E54F6D42E}.Release|Any CPU.Build.0 = Release|Any CPU
		{39847B8F-F651-449E-B837-566508AB2732}.Debug|Any CPU.ActiveCfg = Debug|Any CPU
		{39847B8F-F651-449E-B837-566508AB2732}.Debug|Any CPU.Build.0 = Debug|Any CPU
		{39847B8F-F651-449E-B837-566508AB2732}.Release|Any CPU.ActiveCfg = Release|Any CPU
		{39847B8F-F651-449E-B837-566508AB2732}.Release|Any CPU.Build.0 = Release|Any CPU
		{E9033C05-B8D6-4805-8DD9-21A398E3189A}.Debug|Any CPU.ActiveCfg = Debug|Any CPU
		{E9033C05-B8D6-4805-8DD9-21A398E3189A}.Debug|Any CPU.Build.0 = Debug|Any CPU
		{E9033C05-B8D6-4805-8DD9-21A398E3189A}.Release|Any CPU.ActiveCfg = Release|Any CPU
		{E9033C05-B8D6-4805-8DD9-21A398E3189A}.Release|Any CPU.Build.0 = Release|Any CPU
		{B6A6C1EB-C768-499D-9AD8-16CB25181E97}.Debug|Any CPU.ActiveCfg = Debug|Any CPU
		{B6A6C1EB-C768-499D-9AD8-16CB25181E97}.Debug|Any CPU.Build.0 = Debug|Any CPU
		{B6A6C1EB-C768-499D-9AD8-16CB25181E97}.Release|Any CPU.ActiveCfg = Release|Any CPU
		{B6A6C1EB-C768-499D-9AD8-16CB25181E97}.Release|Any CPU.Build.0 = Release|Any CPU
		{1F4B04A0-B745-4EBF-AE79-0127287B4032}.Debug|Any CPU.ActiveCfg = Debug|Any CPU
		{1F4B04A0-B745-4EBF-AE79-0127287B4032}.Debug|Any CPU.Build.0 = Debug|Any CPU
		{1F4B04A0-B745-4EBF-AE79-0127287B4032}.Release|Any CPU.ActiveCfg = Release|Any CPU
		{1F4B04A0-B745-4EBF-AE79-0127287B4032}.Release|Any CPU.Build.0 = Release|Any CPU
	EndGlobalSection
	GlobalSection(SolutionProperties) = preSolution
		HideSolutionNode = FALSE
	EndGlobalSection
	GlobalSection(ExtensibilityGlobals) = postSolution
		SolutionGuid = {AB862923-317B-4129-ACD5-5DC54C4E0218}
	EndGlobalSection
EndGlobal
